
Microsoft Visual Studio Solution File, Format Version 12.00
# Visual Studio Version 17
VisualStudioVersion = 17.0.31903.59
MinimumVisualStudioVersion = 10.0.40219.1
Project("{FAE04EC0-301F-11D3-BF4B-00C04F79EFBC}") = "UtilesArequipa.Domain", "UtilesArequipa.Domain\UtilesArequipa.Domain.csproj", "{1178A912-B083-4377-BB88-D1BD2C6AD43C}"
EndProject
Project("{FAE04EC0-301F-11D3-BF4B-00C04F79EFBC}") = "UtilesArequipa.Application", "UtilesArequipa.Application\UtilesArequipa.Application.csproj", "{263A5105-AAE0-41A8-98C6-297811A1DCB0}"
EndProject
Project("{FAE04EC0-301F-11D3-BF4B-00C04F79EFBC}") = "UtilesArequipa.Infrastructure", "UtilesArequipa.Infrastructure\UtilesArequipa.Infrastructure.csproj", "{38E15A0A-244D-4D44-814C-D7A3D8086BC8}"
EndProject
Project("{FAE04EC0-301F-11D3-BF4B-00C04F79EFBC}") = "UtilesArequipa.API", "UtilesArequipa.API\UtilesArequipa.API.csproj", "{8BDC770D-0AF6-442D-862F-7BE372E6E875}"
EndProject
Global
	GlobalSection(SolutionConfigurationPlatforms) = preSolution
		Debug|Any CPU = Debug|Any CPU
		Debug|x64 = Debug|x64
		Debug|x86 = Debug|x86
		Release|Any CPU = Release|Any CPU
		Release|x64 = Release|x64
		Release|x86 = Release|x86
	EndGlobalSection
	GlobalSection(ProjectConfigurationPlatforms) = postSolution
		{1178A912-B083-4377-BB88-D1BD2C6AD43C}.Debug|Any CPU.ActiveCfg = Debug|Any CPU
		{1178A912-B083-4377-BB88-D1BD2C6AD43C}.Debug|Any CPU.Build.0 = Debug|Any CPU
		{1178A912-B083-4377-BB88-D1BD2C6AD43C}.Debug|x64.ActiveCfg = Debug|Any CPU
		{1178A912-B083-4377-BB88-D1BD2C6AD43C}.Debug|x64.Build.0 = Debug|Any CPU
		{1178A912-B083-4377-BB88-D1BD2C6AD43C}.Debug|x86.ActiveCfg = Debug|Any CPU
		{1178A912-B083-4377-BB88-D1BD2C6AD43C}.Debug|x86.Build.0 = Debug|Any CPU
		{1178A912-B083-4377-BB88-D1BD2C6AD43C}.Release|Any CPU.ActiveCfg = Release|Any CPU
		{1178A912-B083-4377-BB88-D1BD2C6AD43C}.Release|Any CPU.Build.0 = Release|Any CPU
		{1178A912-B083-4377-BB88-D1BD2C6AD43C}.Release|x64.ActiveCfg = Release|Any CPU
		{1178A912-B083-4377-BB88-D1BD2C6AD43C}.Release|x64.Build.0 = Release|Any CPU
		{1178A912-B083-4377-BB88-D1BD2C6AD43C}.Release|x86.ActiveCfg = Release|Any CPU
		{1178A912-B083-4377-BB88-D1BD2C6AD43C}.Release|x86.Build.0 = Release|Any CPU
		{263A5105-AAE0-41A8-98C6-297811A1DCB0}.Debug|Any CPU.ActiveCfg = Debug|Any CPU
		{263A5105-AAE0-41A8-98C6-297811A1DCB0}.Debug|Any CPU.Build.0 = Debug|Any CPU
		{263A5105-AAE0-41A8-98C6-297811A1DCB0}.Debug|x64.ActiveCfg = Debug|Any CPU
		{263A5105-AAE0-41A8-98C6-297811A1DCB0}.Debug|x64.Build.0 = Debug|Any CPU
		{263A5105-AAE0-41A8-98C6-297811A1DCB0}.Debug|x86.ActiveCfg = Debug|Any CPU
		{263A5105-AAE0-41A8-98C6-297811A1DCB0}.Debug|x86.Build.0 = Debug|Any CPU
		{263A5105-AAE0-41A8-98C6-297811A1DCB0}.Release|Any CPU.ActiveCfg = Release|Any CPU
		{263A5105-AAE0-41A8-98C6-297811A1DCB0}.Release|Any CPU.Build.0 = Release|Any CPU
		{263A5105-AAE0-41A8-98C6-297811A1DCB0}.Release|x64.ActiveCfg = Release|Any CPU
		{263A5105-AAE0-41A8-98C6-297811A1DCB0}.Release|x64.Build.0 = Release|Any CPU
		{263A5105-AAE0-41A8-98C6-297811A1DCB0}.Release|x86.ActiveCfg = Release|Any CPU
		{263A5105-AAE0-41A8-98C6-297811A1DCB0}.Release|x86.Build.0 = Release|Any CPU
		{38E15A0A-244D-4D44-814C-D7A3D8086BC8}.Debug|Any CPU.ActiveCfg = Debug|Any CPU
		{38E15A0A-244D-4D44-814C-D7A3D8086BC8}.Debug|Any CPU.Build.0 = Debug|Any CPU
		{38E15A0A-244D-4D44-814C-D7A3D8086BC8}.Debug|x64.ActiveCfg = Debug|Any CPU
		{38E15A0A-244D-4D44-814C-D7A3D8086BC8}.Debug|x64.Build.0 = Debug|Any CPU
		{38E15A0A-244D-4D44-814C-D7A3D8086BC8}.Debug|x86.ActiveCfg = Debug|Any CPU
		{38E15A0A-244D-4D44-814C-D7A3D8086BC8}.Debug|x86.Build.0 = Debug|Any CPU
		{38E15A0A-244D-4D44-814C-D7A3D8086BC8}.Release|Any CPU.ActiveCfg = Release|Any CPU
		{38E15A0A-244D-4D44-814C-D7A3D8086BC8}.Release|Any CPU.Build.0 = Release|Any CPU
		{38E15A0A-244D-4D44-814C-D7A3D8086BC8}.Release|x64.ActiveCfg = Release|Any CPU
		{38E15A0A-244D-4D44-814C-D7A3D8086BC8}.Release|x64.Build.0 = Release|Any CPU
		{38E15A0A-244D-4D44-814C-D7A3D8086BC8}.Release|x86.ActiveCfg = Release|Any CPU
		{38E15A0A-244D-4D44-814C-D7A3D8086BC8}.Release|x86.Build.0 = Release|Any CPU
		{8BDC770D-0AF6-442D-862F-7BE372E6E875}.Debug|Any CPU.ActiveCfg = Debug|Any CPU
		{8BDC770D-0AF6-442D-862F-7BE372E6E875}.Debug|Any CPU.Build.0 = Debug|Any CPU
		{8BDC770D-0AF6-442D-862F-7BE372E6E875}.Debug|x64.ActiveCfg = Debug|Any CPU
		{8BDC770D-0AF6-442D-862F-7BE372E6E875}.Debug|x64.Build.0 = Debug|Any CPU
		{8BDC770D-0AF6-442D-862F-7BE372E6E875}.Debug|x86.ActiveCfg = Debug|Any CPU
		{8BDC770D-0AF6-442D-862F-7BE372E6E875}.Debug|x86.Build.0 = Debug|Any CPU
		{8BDC770D-0AF6-442D-862F-7BE372E6E875}.Release|Any CPU.ActiveCfg = Release|Any CPU
		{8BDC770D-0AF6-442D-862F-7BE372E6E875}.Release|Any CPU.Build.0 = Release|Any CPU
		{8BDC770D-0AF6-442D-862F-7BE372E6E875}.Release|x64.ActiveCfg = Release|Any CPU
		{8BDC770D-0AF6-442D-862F-7BE372E6E875}.Release|x64.Build.0 = Release|Any CPU
		{8BDC770D-0AF6-442D-862F-7BE372E6E875}.Release|x86.ActiveCfg = Release|Any CPU
		{8BDC770D-0AF6-442D-862F-7BE372E6E875}.Release|x86.Build.0 = Release|Any CPU
	EndGlobalSection
	GlobalSection(SolutionProperties) = preSolution
		HideSolutionNode = FALSE
	EndGlobalSection
EndGlobal
